// !$*UTF8*$!
{
	archiveVersion = 1;
	classes = {
	};
	objectVersion = 50;
	objects = {

/* Begin PBXBuildFile section */
		DC0847E225C4FFE700DB2FD2 /* AppDelegate.swift in Sources */ = {isa = PBXBuildFile; fileRef = DC0847E125C4FFE700DB2FD2 /* AppDelegate.swift */; };
		DC0847E425C4FFE700DB2FD2 /* SceneDelegate.swift in Sources */ = {isa = PBXBuildFile; fileRef = DC0847E325C4FFE700DB2FD2 /* SceneDelegate.swift */; };
		DC0847E625C4FFE700DB2FD2 /* ViewController.swift in Sources */ = {isa = PBXBuildFile; fileRef = DC0847E525C4FFE700DB2FD2 /* ViewController.swift */; };
		DC0847E925C4FFE700DB2FD2 /* Main.storyboard in Resources */ = {isa = PBXBuildFile; fileRef = DC0847E725C4FFE700DB2FD2 /* Main.storyboard */; };
		DC0847EB25C4FFEC00DB2FD2 /* Assets.xcassets in Resources */ = {isa = PBXBuildFile; fileRef = DC0847EA25C4FFEC00DB2FD2 /* Assets.xcassets */; };
		DC0847EE25C4FFEC00DB2FD2 /* LaunchScreen.storyboard in Resources */ = {isa = PBXBuildFile; fileRef = DC0847EC25C4FFEC00DB2FD2 /* LaunchScreen.storyboard */; };
		DC0847F925C4FFED00DB2FD2 /* AxcBadrock_SwiftTests.swift in Sources */ = {isa = PBXBuildFile; fileRef = DC0847F825C4FFED00DB2FD2 /* AxcBadrock_SwiftTests.swift */; };
		DC08480425C4FFED00DB2FD2 /* AxcBadrock_SwiftUITests.swift in Sources */ = {isa = PBXBuildFile; fileRef = DC08480325C4FFED00DB2FD2 /* AxcBadrock_SwiftUITests.swift */; };
/* End PBXBuildFile section */

/* Begin PBXContainerItemProxy section */
		DC0847F525C4FFED00DB2FD2 /* PBXContainerItemProxy */ = {
			isa = PBXContainerItemProxy;
			containerPortal = DC0847D625C4FFE700DB2FD2 /* Project object */;
			proxyType = 1;
			remoteGlobalIDString = DC0847DD25C4FFE700DB2FD2;
			remoteInfo = "AxcBadrock-Swift";
		};
		DC08480025C4FFED00DB2FD2 /* PBXContainerItemProxy */ = {
			isa = PBXContainerItemProxy;
			containerPortal = DC0847D625C4FFE700DB2FD2 /* Project object */;
			proxyType = 1;
			remoteGlobalIDString = DC0847DD25C4FFE700DB2FD2;
			remoteInfo = "AxcBadrock-Swift";
		};
/* End PBXContainerItemProxy section */

/* Begin PBXFileReference section */
		DC0847DE25C4FFE700DB2FD2 /* AxcBadrock-Swift.app */ = {isa = PBXFileReference; explicitFileType = wrapper.application; includeInIndex = 0; path = "AxcBadrock-Swift.app"; sourceTree = BUILT_PRODUCTS_DIR; };
		DC0847E125C4FFE700DB2FD2 /* AppDelegate.swift */ = {isa = PBXFileReference; lastKnownFileType = sourcecode.swift; path = AppDelegate.swift; sourceTree = "<group>"; };
		DC0847E325C4FFE700DB2FD2 /* SceneDelegate.swift */ = {isa = PBXFileReference; lastKnownFileType = sourcecode.swift; path = SceneDelegate.swift; sourceTree = "<group>"; };
		DC0847E525C4FFE700DB2FD2 /* ViewController.swift */ = {isa = PBXFileReference; lastKnownFileType = sourcecode.swift; path = ViewController.swift; sourceTree = "<group>"; };
		DC0847E825C4FFE700DB2FD2 /* Base */ = {isa = PBXFileReference; lastKnownFileType = file.storyboard; name = Base; path = Base.lproj/Main.storyboard; sourceTree = "<group>"; };
		DC0847EA25C4FFEC00DB2FD2 /* Assets.xcassets */ = {isa = PBXFileReference; lastKnownFileType = folder.assetcatalog; path = Assets.xcassets; sourceTree = "<group>"; };
		DC0847ED25C4FFEC00DB2FD2 /* Base */ = {isa = PBXFileReference; lastKnownFileType = file.storyboard; name = Base; path = Base.lproj/LaunchScreen.storyboard; sourceTree = "<group>"; };
		DC0847EF25C4FFEC00DB2FD2 /* Info.plist */ = {isa = PBXFileReference; lastKnownFileType = text.plist.xml; path = Info.plist; sourceTree = "<group>"; };
		DC0847F425C4FFED00DB2FD2 /* AxcBadrock-SwiftTests.xctest */ = {isa = PBXFileReference; explicitFileType = wrapper.cfbundle; includeInIndex = 0; path = "AxcBadrock-SwiftTests.xctest"; sourceTree = BUILT_PRODUCTS_DIR; };
		DC0847F825C4FFED00DB2FD2 /* AxcBadrock_SwiftTests.swift */ = {isa = PBXFileReference; lastKnownFileType = sourcecode.swift; path = AxcBadrock_SwiftTests.swift; sourceTree = "<group>"; };
		DC0847FA25C4FFED00DB2FD2 /* Info.plist */ = {isa = PBXFileReference; lastKnownFileType = text.plist.xml; path = Info.plist; sourceTree = "<group>"; };
		DC0847FF25C4FFED00DB2FD2 /* AxcBadrock-SwiftUITests.xctest */ = {isa = PBXFileReference; explicitFileType = wrapper.cfbundle; includeInIndex = 0; path = "AxcBadrock-SwiftUITests.xctest"; sourceTree = BUILT_PRODUCTS_DIR; };
		DC08480325C4FFED00DB2FD2 /* AxcBadrock_SwiftUITests.swift */ = {isa = PBXFileReference; lastKnownFileType = sourcecode.swift; path = AxcBadrock_SwiftUITests.swift; sourceTree = "<group>"; };
		DC08480525C4FFED00DB2FD2 /* Info.plist */ = {isa = PBXFileReference; lastKnownFileType = text.plist.xml; path = Info.plist; sourceTree = "<group>"; };
/* End PBXFileReference section */

/* Begin PBXFrameworksBuildPhase section */
		DC0847DB25C4FFE700DB2FD2 /* Frameworks */ = {
			isa = PBXFrameworksBuildPhase;
			buildActionMask = 2147483647;
			files = (
			);
			runOnlyForDeploymentPostprocessing = 0;
		};
		DC0847F125C4FFED00DB2FD2 /* Frameworks */ = {
			isa = PBXFrameworksBuildPhase;
			buildActionMask = 2147483647;
			files = (
			);
			runOnlyForDeploymentPostprocessing = 0;
		};
		DC0847FC25C4FFED00DB2FD2 /* Frameworks */ = {
			isa = PBXFrameworksBuildPhase;
			buildActionMask = 2147483647;
			files = (
			);
			runOnlyForDeploymentPostprocessing = 0;
		};
/* End PBXFrameworksBuildPhase section */

/* Begin PBXGroup section */
		DC0847D525C4FFE700DB2FD2 = {
			isa = PBXGroup;
			children = (
				DC0847E025C4FFE700DB2FD2 /* AxcBadrock-Swift */,
				DC0847F725C4FFED00DB2FD2 /* AxcBadrock-SwiftTests */,
				DC08480225C4FFED00DB2FD2 /* AxcBadrock-SwiftUITests */,
				DC0847DF25C4FFE700DB2FD2 /* Products */,
			);
			sourceTree = "<group>";
		};
		DC0847DF25C4FFE700DB2FD2 /* Products */ = {
			isa = PBXGroup;
			children = (
				DC0847DE25C4FFE700DB2FD2 /* AxcBadrock-Swift.app */,
				DC0847F425C4FFED00DB2FD2 /* AxcBadrock-SwiftTests.xctest */,
				DC0847FF25C4FFED00DB2FD2 /* AxcBadrock-SwiftUITests.xctest */,
			);
			name = Products;
			sourceTree = "<group>";
		};
		DC0847E025C4FFE700DB2FD2 /* AxcBadrock-Swift */ = {
			isa = PBXGroup;
			children = (
				DC0847E125C4FFE700DB2FD2 /* AppDelegate.swift */,
				DC0847E325C4FFE700DB2FD2 /* SceneDelegate.swift */,
				DC0847E525C4FFE700DB2FD2 /* ViewController.swift */,
				DC0847E725C4FFE700DB2FD2 /* Main.storyboard */,
				DC0847EA25C4FFEC00DB2FD2 /* Assets.xcassets */,
				DC0847EC25C4FFEC00DB2FD2 /* LaunchScreen.storyboard */,
				DC0847EF25C4FFEC00DB2FD2 /* Info.plist */,
			);
			path = "AxcBadrock-Swift";
			sourceTree = "<group>";
		};
		DC0847F725C4FFED00DB2FD2 /* AxcBadrock-SwiftTests */ = {
			isa = PBXGroup;
			children = (
				DC0847F825C4FFED00DB2FD2 /* AxcBadrock_SwiftTests.swift */,
				DC0847FA25C4FFED00DB2FD2 /* Info.plist */,
			);
			path = "AxcBadrock-SwiftTests";
			sourceTree = "<group>";
		};
		DC08480225C4FFED00DB2FD2 /* AxcBadrock-SwiftUITests */ = {
			isa = PBXGroup;
			children = (
				DC08480325C4FFED00DB2FD2 /* AxcBadrock_SwiftUITests.swift */,
				DC08480525C4FFED00DB2FD2 /* Info.plist */,
			);
			path = "AxcBadrock-SwiftUITests";
			sourceTree = "<group>";
		};
/* End PBXGroup section */

/* Begin PBXNativeTarget section */
		DC0847DD25C4FFE700DB2FD2 /* AxcBadrock-Swift */ = {
			isa = PBXNativeTarget;
			buildConfigurationList = DC08480825C4FFED00DB2FD2 /* Build configuration list for PBXNativeTarget "AxcBadrock-Swift" */;
			buildPhases = (
				DC0847DA25C4FFE700DB2FD2 /* Sources */,
				DC0847DB25C4FFE700DB2FD2 /* Frameworks */,
				DC0847DC25C4FFE700DB2FD2 /* Resources */,
			);
			buildRules = (
			);
			dependencies = (
			);
			name = "AxcBadrock-Swift";
			productName = "AxcBadrock-Swift";
			productReference = DC0847DE25C4FFE700DB2FD2 /* AxcBadrock-Swift.app */;
			productType = "com.apple.product-type.application";
		};
		DC0847F325C4FFED00DB2FD2 /* AxcBadrock-SwiftTests */ = {
			isa = PBXNativeTarget;
			buildConfigurationList = DC08480B25C4FFED00DB2FD2 /* Build configuration list for PBXNativeTarget "AxcBadrock-SwiftTests" */;
			buildPhases = (
				DC0847F025C4FFED00DB2FD2 /* Sources */,
				DC0847F125C4FFED00DB2FD2 /* Frameworks */,
				DC0847F225C4FFED00DB2FD2 /* Resources */,
			);
			buildRules = (
			);
			dependencies = (
				DC0847F625C4FFED00DB2FD2 /* PBXTargetDependency */,
			);
			name = "AxcBadrock-SwiftTests";
			productName = "AxcBadrock-SwiftTests";
			productReference = DC0847F425C4FFED00DB2FD2 /* AxcBadrock-SwiftTests.xctest */;
			productType = "com.apple.product-type.bundle.unit-test";
		};
		DC0847FE25C4FFED00DB2FD2 /* AxcBadrock-SwiftUITests */ = {
			isa = PBXNativeTarget;
			buildConfigurationList = DC08480E25C4FFED00DB2FD2 /* Build configuration list for PBXNativeTarget "AxcBadrock-SwiftUITests" */;
			buildPhases = (
				DC0847FB25C4FFED00DB2FD2 /* Sources */,
				DC0847FC25C4FFED00DB2FD2 /* Frameworks */,
				DC0847FD25C4FFED00DB2FD2 /* Resources */,
			);
			buildRules = (
			);
			dependencies = (
				DC08480125C4FFED00DB2FD2 /* PBXTargetDependency */,
			);
			name = "AxcBadrock-SwiftUITests";
			productName = "AxcBadrock-SwiftUITests";
			productReference = DC0847FF25C4FFED00DB2FD2 /* AxcBadrock-SwiftUITests.xctest */;
			productType = "com.apple.product-type.bundle.ui-testing";
		};
/* End PBXNativeTarget section */

/* Begin PBXProject section */
		DC0847D625C4FFE700DB2FD2 /* Project object */ = {
			isa = PBXProject;
			attributes = {
				LastSwiftUpdateCheck = 1210;
				LastUpgradeCheck = 1210;
				TargetAttributes = {
					DC0847DD25C4FFE700DB2FD2 = {
						CreatedOnToolsVersion = 12.1;
					};
					DC0847F325C4FFED00DB2FD2 = {
						CreatedOnToolsVersion = 12.1;
						TestTargetID = DC0847DD25C4FFE700DB2FD2;
					};
					DC0847FE25C4FFED00DB2FD2 = {
						CreatedOnToolsVersion = 12.1;
						TestTargetID = DC0847DD25C4FFE700DB2FD2;
					};
				};
			};
			buildConfigurationList = DC0847D925C4FFE700DB2FD2 /* Build configuration list for PBXProject "AxcBadrock-Swift" */;
			compatibilityVersion = "Xcode 9.3";
			developmentRegion = en;
			hasScannedForEncodings = 0;
			knownRegions = (
				en,
				Base,
			);
			mainGroup = DC0847D525C4FFE700DB2FD2;
			productRefGroup = DC0847DF25C4FFE700DB2FD2 /* Products */;
			projectDirPath = "";
			projectRoot = "";
			targets = (
				DC0847DD25C4FFE700DB2FD2 /* AxcBadrock-Swift */,
				DC0847F325C4FFED00DB2FD2 /* AxcBadrock-SwiftTests */,
				DC0847FE25C4FFED00DB2FD2 /* AxcBadrock-SwiftUITests */,
			);
		};
/* End PBXProject section */

/* Begin PBXResourcesBuildPhase section */
		DC0847DC25C4FFE700DB2FD2 /* Resources */ = {
			isa = PBXResourcesBuildPhase;
			buildActionMask = 2147483647;
			files = (
				DC0847EE25C4FFEC00DB2FD2 /* LaunchScreen.storyboard in Resources */,
				DC0847EB25C4FFEC00DB2FD2 /* Assets.xcassets in Resources */,
				DC0847E925C4FFE700DB2FD2 /* Main.storyboard in Resources */,
			);
			runOnlyForDeploymentPostprocessing = 0;
		};
		DC0847F225C4FFED00DB2FD2 /* Resources */ = {
			isa = PBXResourcesBuildPhase;
			buildActionMask = 2147483647;
			files = (
			);
			runOnlyForDeploymentPostprocessing = 0;
		};
		DC0847FD25C4FFED00DB2FD2 /* Resources */ = {
			isa = PBXResourcesBuildPhase;
			buildActionMask = 2147483647;
			files = (
			);
			runOnlyForDeploymentPostprocessing = 0;
		};
/* End PBXResourcesBuildPhase section */

/* Begin PBXSourcesBuildPhase section */
		DC0847DA25C4FFE700DB2FD2 /* Sources */ = {
			isa = PBXSourcesBuildPhase;
			buildActionMask = 2147483647;
			files = (
				DC0847E625C4FFE700DB2FD2 /* ViewController.swift in Sources */,
				DC0847E225C4FFE700DB2FD2 /* AppDelegate.swift in Sources */,
				DC0847E425C4FFE700DB2FD2 /* SceneDelegate.swift in Sources */,
			);
			runOnlyForDeploymentPostprocessing = 0;
		};
		DC0847F025C4FFED00DB2FD2 /* Sources */ = {
			isa = PBXSourcesBuildPhase;
			buildActionMask = 2147483647;
			files = (
				DC0847F925C4FFED00DB2FD2 /* AxcBadrock_SwiftTests.swift in Sources */,
			);
			runOnlyForDeploymentPostprocessing = 0;
		};
		DC0847FB25C4FFED00DB2FD2 /* Sources */ = {
			isa = PBXSourcesBuildPhase;
			buildActionMask = 2147483647;
			files = (
				DC08480425C4FFED00DB2FD2 /* AxcBadrock_SwiftUITests.swift in Sources */,
			);
			runOnlyForDeploymentPostprocessing = 0;
		};
/* End PBXSourcesBuildPhase section */

/* Begin PBXTargetDependency section */
		DC0847F625C4FFED00DB2FD2 /* PBXTargetDependency */ = {
			isa = PBXTargetDependency;
			target = DC0847DD25C4FFE700DB2FD2 /* AxcBadrock-Swift */;
			targetProxy = DC0847F525C4FFED00DB2FD2 /* PBXContainerItemProxy */;
		};
		DC08480125C4FFED00DB2FD2 /* PBXTargetDependency */ = {
			isa = PBXTargetDependency;
			target = DC0847DD25C4FFE700DB2FD2 /* AxcBadrock-Swift */;
			targetProxy = DC08480025C4FFED00DB2FD2 /* PBXContainerItemProxy */;
		};
/* End PBXTargetDependency section */

/* Begin PBXVariantGroup section */
		DC0847E725C4FFE700DB2FD2 /* Main.storyboard */ = {
			isa = PBXVariantGroup;
			children = (
				DC0847E825C4FFE700DB2FD2 /* Base */,
			);
			name = Main.storyboard;
			sourceTree = "<group>";
		};
		DC0847EC25C4FFEC00DB2FD2 /* LaunchScreen.storyboard */ = {
			isa = PBXVariantGroup;
			children = (
				DC0847ED25C4FFEC00DB2FD2 /* Base */,
			);
			name = LaunchScreen.storyboard;
			sourceTree = "<group>";
		};
/* End PBXVariantGroup section */

/* Begin XCBuildConfiguration section */
		DC08480625C4FFED00DB2FD2 /* Debug */ = {
			isa = XCBuildConfiguration;
			buildSettings = {
				ALWAYS_SEARCH_USER_PATHS = NO;
				CLANG_ANALYZER_NONNULL = YES;
				CLANG_ANALYZER_NUMBER_OBJECT_CONVERSION = YES_AGGRESSIVE;
				CLANG_CXX_LANGUAGE_STANDARD = "gnu++14";
				CLANG_CXX_LIBRARY = "libc++";
				CLANG_ENABLE_MODULES = YES;
				CLANG_ENABLE_OBJC_ARC = YES;
				CLANG_ENABLE_OBJC_WEAK = YES;
				CLANG_WARN_BLOCK_CAPTURE_AUTORELEASING = YES;
				CLANG_WARN_BOOL_CONVERSION = YES;
				CLANG_WARN_COMMA = YES;
				CLANG_WARN_CONSTANT_CONVERSION = YES;
				CLANG_WARN_DEPRECATED_OBJC_IMPLEMENTATIONS = YES;
				CLANG_WARN_DIRECT_OBJC_ISA_USAGE = YES_ERROR;
				CLANG_WARN_DOCUMENTATION_COMMENTS = YES;
				CLANG_WARN_EMPTY_BODY = YES;
				CLANG_WARN_ENUM_CONVERSION = YES;
				CLANG_WARN_INFINITE_RECURSION = YES;
				CLANG_WARN_INT_CONVERSION = YES;
				CLANG_WARN_NON_LITERAL_NULL_CONVERSION = YES;
				CLANG_WARN_OBJC_IMPLICIT_RETAIN_SELF = YES;
				CLANG_WARN_OBJC_LITERAL_CONVERSION = YES;
				CLANG_WARN_OBJC_ROOT_CLASS = YES_ERROR;
				CLANG_WARN_QUOTED_INCLUDE_IN_FRAMEWORK_HEADER = YES;
				CLANG_WARN_RANGE_LOOP_ANALYSIS = YES;
				CLANG_WARN_STRICT_PROTOTYPES = YES;
				CLANG_WARN_SUSPICIOUS_MOVE = YES;
				CLANG_WARN_UNGUARDED_AVAILABILITY = YES_AGGRESSIVE;
				CLANG_WARN_UNREACHABLE_CODE = YES;
				CLANG_WARN__DUPLICATE_METHOD_MATCH = YES;
				COPY_PHASE_STRIP = NO;
				DEBUG_INFORMATION_FORMAT = dwarf;
				ENABLE_STRICT_OBJC_MSGSEND = YES;
				ENABLE_TESTABILITY = YES;
				GCC_C_LANGUAGE_STANDARD = gnu11;
				GCC_DYNAMIC_NO_PIC = NO;
				GCC_NO_COMMON_BLOCKS = YES;
				GCC_OPTIMIZATION_LEVEL = 0;
				GCC_PREPROCESSOR_DEFINITIONS = (
					"DEBUG=1",
					"$(inherited)",
				);
				GCC_WARN_64_TO_32_BIT_CONVERSION = YES;
				GCC_WARN_ABOUT_RETURN_TYPE = YES_ERROR;
				GCC_WARN_UNDECLARED_SELECTOR = YES;
				GCC_WARN_UNINITIALIZED_AUTOS = YES_AGGRESSIVE;
				GCC_WARN_UNUSED_FUNCTION = YES;
				GCC_WARN_UNUSED_VARIABLE = YES;
				IPHONEOS_DEPLOYMENT_TARGET = 14.1;
				MTL_ENABLE_DEBUG_INFO = INCLUDE_SOURCE;
				MTL_FAST_MATH = YES;
				ONLY_ACTIVE_ARCH = YES;
				SDKROOT = iphoneos;
				SWIFT_ACTIVE_COMPILATION_CONDITIONS = DEBUG;
				SWIFT_OPTIMIZATION_LEVEL = "-Onone";
			};
			name = Debug;
		};
		DC08480725C4FFED00DB2FD2 /* Release */ = {
			isa = XCBuildConfiguration;
			buildSettings = {
				ALWAYS_SEARCH_USER_PATHS = NO;
				CLANG_ANALYZER_NONNULL = YES;
				CLANG_ANALYZER_NUMBER_OBJECT_CONVERSION = YES_AGGRESSIVE;
				CLANG_CXX_LANGUAGE_STANDARD = "gnu++14";
				CLANG_CXX_LIBRARY = "libc++";
				CLANG_ENABLE_MODULES = YES;
				CLANG_ENABLE_OBJC_ARC = YES;
				CLANG_ENABLE_OBJC_WEAK = YES;
				CLANG_WARN_BLOCK_CAPTURE_AUTORELEASING = YES;
				CLANG_WARN_BOOL_CONVERSION = YES;
				CLANG_WARN_COMMA = YES;
				CLANG_WARN_CONSTANT_CONVERSION = YES;
				CLANG_WARN_DEPRECATED_OBJC_IMPLEMENTATIONS = YES;
				CLANG_WARN_DIRECT_OBJC_ISA_USAGE = YES_ERROR;
				CLANG_WARN_DOCUMENTATION_COMMENTS = YES;
				CLANG_WARN_EMPTY_BODY = YES;
				CLANG_WARN_ENUM_CONVERSION = YES;
				CLANG_WARN_INFINITE_RECURSION = YES;
				CLANG_WARN_INT_CONVERSION = YES;
				CLANG_WARN_NON_LITERAL_NULL_CONVERSION = YES;
				CLANG_WARN_OBJC_IMPLICIT_RETAIN_SELF = YES;
				CLANG_WARN_OBJC_LITERAL_CONVERSION = YES;
				CLANG_WARN_OBJC_ROOT_CLASS = YES_ERROR;
				CLANG_WARN_QUOTED_INCLUDE_IN_FRAMEWORK_HEADER = YES;
				CLANG_WARN_RANGE_LOOP_ANALYSIS = YES;
				CLANG_WARN_STRICT_PROTOTYPES = YES;
				CLANG_WARN_SUSPICIOUS_MOVE = YES;
				CLANG_WARN_UNGUARDED_AVAILABILITY = YES_AGGRESSIVE;
				CLANG_WARN_UNREACHABLE_CODE = YES;
				CLANG_WARN__DUPLICATE_METHOD_MATCH = YES;
				COPY_PHASE_STRIP = NO;
				DEBUG_INFORMATION_FORMAT = "dwarf-with-dsym";
				ENABLE_NS_ASSERTIONS = NO;
				ENABLE_STRICT_OBJC_MSGSEND = YES;
				GCC_C_LANGUAGE_STANDARD = gnu11;
				GCC_NO_COMMON_BLOCKS = YES;
				GCC_WARN_64_TO_32_BIT_CONVERSION = YES;
				GCC_WARN_ABOUT_RETURN_TYPE = YES_ERROR;
				GCC_WARN_UNDECLARED_SELECTOR = YES;
				GCC_WARN_UNINITIALIZED_AUTOS = YES_AGGRESSIVE;
				GCC_WARN_UNUSED_FUNCTION = YES;
				GCC_WARN_UNUSED_VARIABLE = YES;
				IPHONEOS_DEPLOYMENT_TARGET = 14.1;
				MTL_ENABLE_DEBUG_INFO = NO;
				MTL_FAST_MATH = YES;
				SDKROOT = iphoneos;
				SWIFT_COMPILATION_MODE = wholemodule;
				SWIFT_OPTIMIZATION_LEVEL = "-O";
				VALIDATE_PRODUCT = YES;
			};
			name = Release;
		};
		DC08480925C4FFED00DB2FD2 /* Debug */ = {
			isa = XCBuildConfiguration;
			buildSettings = {
				ASSETCATALOG_COMPILER_APPICON_NAME = AppIcon;
				ASSETCATALOG_COMPILER_GLOBAL_ACCENT_COLOR_NAME = AccentColor;
				CODE_SIGN_STYLE = Automatic;
				INFOPLIST_FILE = "AxcBadrock-Swift/Info.plist";
				LD_RUNPATH_SEARCH_PATHS = (
					"$(inherited)",
					"@executable_path/Frameworks",
				);
				PRODUCT_BUNDLE_IDENTIFIER = "AxcLogoClub.AxcBadrock-Swift";
				PRODUCT_NAME = "$(TARGET_NAME)";
				SWIFT_VERSION = 5.0;
				TARGETED_DEVICE_FAMILY = "1,2";
			};
			name = Debug;
		};
		DC08480A25C4FFED00DB2FD2 /* Release */ = {
			isa = XCBuildConfiguration;
			buildSettings = {
				ASSETCATALOG_COMPILER_APPICON_NAME = AppIcon;
				ASSETCATALOG_COMPILER_GLOBAL_ACCENT_COLOR_NAME = AccentColor;
				CODE_SIGN_STYLE = Automatic;
				INFOPLIST_FILE = "AxcBadrock-Swift/Info.plist";
				LD_RUNPATH_SEARCH_PATHS = (
					"$(inherited)",
					"@executable_path/Frameworks",
				);
				PRODUCT_BUNDLE_IDENTIFIER = "AxcLogoClub.AxcBadrock-Swift";
				PRODUCT_NAME = "$(TARGET_NAME)";
				SWIFT_VERSION = 5.0;
				TARGETED_DEVICE_FAMILY = "1,2";
			};
			name = Release;
		};
		DC08480C25C4FFED00DB2FD2 /* Debug */ = {
			isa = XCBuildConfiguration;
			buildSettings = {
				ALWAYS_EMBED_SWIFT_STANDARD_LIBRARIES = YES;
				BUNDLE_LOADER = "$(TEST_HOST)";
				CODE_SIGN_STYLE = Automatic;
				INFOPLIST_FILE = "AxcBadrock-SwiftTests/Info.plist";
				IPHONEOS_DEPLOYMENT_TARGET = 14.1;
				LD_RUNPATH_SEARCH_PATHS = (
					"$(inherited)",
					"@executable_path/Frameworks",
					"@loader_path/Frameworks",
				);
				PRODUCT_BUNDLE_IDENTIFIER = "AxcLogoClub.AxcBadrock-SwiftTests";
				PRODUCT_NAME = "$(TARGET_NAME)";
				SWIFT_VERSION = 5.0;
				TARGETED_DEVICE_FAMILY = "1,2";
				TEST_HOST = "$(BUILT_PRODUCTS_DIR)/AxcBadrock-Swift.app/AxcBadrock-Swift";
			};
			name = Debug;
		};
		DC08480D25C4FFED00DB2FD2 /* Release */ = {
			isa = XCBuildConfiguration;
			buildSettings = {
				ALWAYS_EMBED_SWIFT_STANDARD_LIBRARIES = YES;
				BUNDLE_LOADER = "$(TEST_HOST)";
				CODE_SIGN_STYLE = Automatic;
				INFOPLIST_FILE = "AxcBadrock-SwiftTests/Info.plist";
				IPHONEOS_DEPLOYMENT_TARGET = 14.1;
				LD_RUNPATH_SEARCH_PATHS = (
					"$(inherited)",
					"@executable_path/Frameworks",
					"@loader_path/Frameworks",
				);
				PRODUCT_BUNDLE_IDENTIFIER = "AxcLogoClub.AxcBadrock-SwiftTests";
				PRODUCT_NAME = "$(TARGET_NAME)";
				SWIFT_VERSION = 5.0;
				TARGETED_DEVICE_FAMILY = "1,2";
				TEST_HOST = "$(BUILT_PRODUCTS_DIR)/AxcBadrock-Swift.app/AxcBadrock-Swift";
			};
			name = Release;
		};
		DC08480F25C4FFED00DB2FD2 /* Debug */ = {
			isa = XCBuildConfiguration;
			buildSettings = {
				ALWAYS_EMBED_SWIFT_STANDARD_LIBRARIES = YES;
				CODE_SIGN_STYLE = Automatic;
				INFOPLIST_FILE = "AxcBadrock-SwiftUITests/Info.plist";
				LD_RUNPATH_SEARCH_PATHS = (
					"$(inherited)",
					"@executable_path/Frameworks",
					"@loader_path/Frameworks",
				);
				PRODUCT_BUNDLE_IDENTIFIER = "AxcLogoClub.AxcBadrock-SwiftUITests";
				PRODUCT_NAME = "$(TARGET_NAME)";
				SWIFT_VERSION = 5.0;
				TARGETED_DEVICE_FAMILY = "1,2";
				TEST_TARGET_NAME = "AxcBadrock-Swift";
			};
			name = Debug;
		};
		DC08481025C4FFED00DB2FD2 /* Release */ = {
			isa = XCBuildConfiguration;
			buildSettings = {
				ALWAYS_EMBED_SWIFT_STANDARD_LIBRARIES = YES;
				CODE_SIGN_STYLE = Automatic;
				INFOPLIST_FILE = "AxcBadrock-SwiftUITests/Info.plist";
				LD_RUNPATH_SEARCH_PATHS = (
					"$(inherited)",
					"@executable_path/Frameworks",
					"@loader_path/Frameworks",
				);
				PRODUCT_BUNDLE_IDENTIFIER = "AxcLogoClub.AxcBadrock-SwiftUITests";
				PRODUCT_NAME = "$(TARGET_NAME)";
				SWIFT_VERSION = 5.0;
				TARGETED_DEVICE_FAMILY = "1,2";
				TEST_TARGET_NAME = "AxcBadrock-Swift";
			};
			name = Release;
		};
/* End XCBuildConfiguration section */

/* Begin XCConfigurationList section */
		DC0847D925C4FFE700DB2FD2 /* Build configuration list for PBXProject "AxcBadrock-Swift" */ = {
			isa = XCConfigurationList;
			buildConfigurations = (
				DC08480625C4FFED00DB2FD2 /* Debug */,
				DC08480725C4FFED00DB2FD2 /* Release */,
			);
			defaultConfigurationIsVisible = 0;
			defaultConfigurationName = Release;
		};
		DC08480825C4FFED00DB2FD2 /* Build configuration list for PBXNativeTarget "AxcBadrock-Swift" */ = {
			isa = XCConfigurationList;
			buildConfigurations = (
				DC08480925C4FFED00DB2FD2 /* Debug */,
				DC08480A25C4FFED00DB2FD2 /* Release */,
			);
			defaultConfigurationIsVisible = 0;
			defaultConfigurationName = Release;
		};
		DC08480B25C4FFED00DB2FD2 /* Build configuration list for PBXNativeTarget "AxcBadrock-SwiftTests" */ = {
			isa = XCConfigurationList;
			buildConfigurations = (
				DC08480C25C4FFED00DB2FD2 /* Debug */,
				DC08480D25C4FFED00DB2FD2 /* Release */,
			);
			defaultConfigurationIsVisible = 0;
			defaultConfigurationName = Release;
		};
		DC08480E25C4FFED00DB2FD2 /* Build configuration list for PBXNativeTarget "AxcBadrock-SwiftUITests" */ = {
			isa = XCConfigurationList;
			buildConfigurations = (
				DC08480F25C4FFED00DB2FD2 /* Debug */,
				DC08481025C4FFED00DB2FD2 /* Release */,
			);
			defaultConfigurationIsVisible = 0;
			defaultConfigurationName = Release;
		};
/* End XCConfigurationList section */
	};
	rootObject = DC0847D625C4FFE700DB2FD2 /* Project object */;
}
